
Microsoft Visual Studio Solution File, Format Version 12.00
# Visual Studio Version 16
VisualStudioVersion = 16.0.29230.47
MinimumVisualStudioVersion = 10.0.40219.1
Project("{8BC9CEB8-8B4A-11D0-8D11-00A0C91BC942}") = "dxEngine", "dxEngine\dxEngine.vcxproj", "{E6975379-0F96-4041-8810-11E9A294A199}"
EndProject
Global
	GlobalSection(SolutionConfigurationPlatforms) = preSolution
		Debug|x64 = Debug|x64
		Debug|x86 = Debug|x86
		Release|x64 = Release|x64
		Release|x86 = Release|x86
	EndGlobalSection
	GlobalSection(ProjectConfigurationPlatforms) = postSolution
		{E6975379-0F96-4041-8810-11E9A294A199}.Debug|x64.ActiveCfg = Debug|x64
		{E6975379-0F96-4041-8810-11E9A294A199}.Debug|x64.Build.0 = Debug|x64
		{E6975379-0F96-4041-8810-11E9A294A199}.Debug|x86.ActiveCfg = Debug|Win32
		{E6975379-0F96-4041-8810-11E9A294A199}.Debug|x86.Build.0 = Debug|Win32
		{E6975379-0F96-4041-8810-11E9A294A199}.Release|x64.ActiveCfg = Release|x64
		{E6975379-0F96-4041-8810-11E9A294A199}.Release|x64.Build.0 = Release|x64
		{E6975379-0F96-4041-8810-11E9A294A199}.Release|x86.ActiveCfg = Release|Win32
		{E6975379-0F96-4041-8810-11E9A294A199}.Release|x86.Build.0 = Release|Win32
	EndGlobalSection
	GlobalSection(SolutionProperties) = preSolution
		HideSolutionNode = FALSE
	EndGlobalSection
	GlobalSection(ExtensibilityGlobals) = postSolution
		SolutionGuid = {6888FF8B-22B4-4A03-9C60-5113209BF010}
	EndGlobalSection
EndGlobal
