<?xml version="1.0" encoding="utf-8"?>
<Project ToolsVersion="4.0" xmlns="http://schemas.microsoft.com/developer/msbuild/2003">
  <ItemGroup>
    <Filter Include="Source Files">
      <UniqueIdentifier>{4FC737F1-C7A5-4376-A066-2A32D752A2FF}</UniqueIdentifier>
      <Extensions>cpp;c;cc;cxx;def;odl;idl;hpj;bat;asm;asmx</Extensions>
    </Filter>
    <Filter Include="Header Files">
      <UniqueIdentifier>{93995380-89BD-4b04-88EB-625FBE52EBFB}</UniqueIdentifier>
      <Extensions>h;hh;hpp;hxx;hm;inl;inc;ipp;xsd</Extensions>
    </Filter>
    <Filter Include="Resource Files">
      <UniqueIdentifier>{67DA6AB6-F800-4c08-8B7A-83BB121AAD01}</UniqueIdentifier>
      <Extensions>rc;ico;cur;bmp;dlg;rc2;rct;bin;rgs;gif;jpg;jpeg;jpe;resx;tiff;tif;png;wav;mfcribbon-ms</Extensions>
    </Filter>
    <Filter Include="Effects">
      <UniqueIdentifier>{8303c06f-8374-4588-96cc-b5172afafd0a}</UniqueIdentifier>
    </Filter>
    <Filter Include="Config">
      <UniqueIdentifier>{7cd2af6b-4839-43d0-b4f0-d8e596a83e0f}</UniqueIdentifier>
    </Filter>
  </ItemGroup>
  <ItemGroup>
    <ClInclude Include="Resource.h">
      <Filter>Header Files</Filter>
    </ClInclude>
    <ClInclude Include="CBillboard.h">
      <Filter>Header Files</Filter>
    </ClInclude>
    <ClInclude Include="CBmpImage.h">
      <Filter>Header Files</Filter>
    </ClInclude>
    <ClInclude Include="CBoundBox.h">
      <Filter>Header Files</Filter>
    </ClInclude>
    <ClInclude Include="CBrush.h">
      <Filter>Header Files</Filter>
    </ClInclude>
    <ClInclude Include="CBrushMap.h">
      <Filter>Header Files</Filter>
    </ClInclude>
    <ClInclude Include="CBrushSide.h">
      <Filter>Header Files</Filter>
    </ClInclude>
    <ClInclude Include="CButton.h">
      <Filter>Header Files</Filter>
    </ClInclude>
    <ClInclude Include="CCamera.h">
      <Filter>Header Files</Filter>
    </ClInclude>
    <ClInclude Include="CClient.h">
      <Filter>Header Files</Filter>
    </ClInclude>
    <ClInclude Include="CClientSocket.h">
      <Filter>Header Files</Filter>
    </ClInclude>
    <ClInclude Include="CCollision.h">
      <Filter>Header Files</Filter>
    </ClInclude>
    <ClInclude Include="CColor.h">
      <Filter>Header Files</Filter>
    </ClInclude>
    <ClInclude Include="CComError.h">
      <Filter>Header Files</Filter>
    </ClInclude>
    <ClInclude Include="CConfiguration.h">
      <Filter>Header Files</Filter>
    </ClInclude>
    <ClInclude Include="CConfigurationItem.h">
      <Filter>Header Files</Filter>
    </ClInclude>
    <ClInclude Include="CConsole.h">
      <Filter>Header Files</Filter>
    </ClInclude>
    <ClInclude Include="CDeviceInstance.h">
      <Filter>Header Files</Filter>
    </ClInclude>
    <ClInclude Include="CDisplayMode.h">
      <Filter>Header Files</Filter>
    </ClInclude>
    <ClInclude Include="CDXFont.h">
      <Filter>Header Files</Filter>
    </ClInclude>
    <ClInclude Include="CEffect.h">
      <Filter>Header Files</Filter>
    </ClInclude>
    <ClInclude Include="CEffectManager.h">
      <Filter>Header Files</Filter>
    </ClInclude>
    <ClInclude Include="CErrorLog.h">
      <Filter>Header Files</Filter>
    </ClInclude>
    <ClInclude Include="CEventManager.h">
      <Filter>Header Files</Filter>
    </ClInclude>
    <ClInclude Include="CFont.h">
      <Filter>Header Files</Filter>
    </ClInclude>
    <ClInclude Include="CFrametime.h">
      <Filter>Header Files</Filter>
    </ClInclude>
    <ClInclude Include="CGameState.h">
      <Filter>Header Files</Filter>
    </ClInclude>
    <ClInclude Include="CGlobalObjects.h">
      <Filter>Header Files</Filter>
    </ClInclude>
    <ClInclude Include="CHeapAllocator.h">
      <Filter>Header Files</Filter>
    </ClInclude>
    <ClInclude Include="CHeapArray.h">
      <Filter>Header Files</Filter>
    </ClInclude>
    <ClInclude Include="CHudImage.h">
      <Filter>Header Files</Filter>
    </ClInclude>
    <ClInclude Include="CIndexBuffer.h">
      <Filter>Header Files</Filter>
    </ClInclude>
    <ClInclude Include="CInputDevice.h">
      <Filter>Header Files</Filter>
    </ClInclude>
    <ClInclude Include="CKeyboardDevice.h">
      <Filter>Header Files</Filter>
    </ClInclude>
    <ClInclude Include="CKeyMap.h">
      <Filter>Header Files</Filter>
    </ClInclude>
    <ClInclude Include="CLight.h">
      <Filter>Header Files</Filter>
    </ClInclude>
    <ClInclude Include="CLine.h">
      <Filter>Header Files</Filter>
    </ClInclude>
    <ClInclude Include="CLinkList.h">
      <Filter>Header Files</Filter>
    </ClInclude>
    <ClInclude Include="CLinkListNode.h">
      <Filter>Header Files</Filter>
    </ClInclude>
    <ClInclude Include="CMidi.h">
      <Filter>Header Files</Filter>
    </ClInclude>
    <ClInclude Include="CMouseDevice.h">
      <Filter>Header Files</Filter>
    </ClInclude>
    <ClInclude Include="CNamePlate.h">
      <Filter>Header Files</Filter>
    </ClInclude>
    <ClInclude Include="COrthoKey.h">
      <Filter>Header Files</Filter>
    </ClInclude>
    <ClInclude Include="COrthoLevel.h">
      <Filter>Header Files</Filter>
    </ClInclude>
    <ClInclude Include="COrthoLock.h">
      <Filter>Header Files</Filter>
    </ClInclude>
    <ClInclude Include="COrthoPlayer.h">
      <Filter>Header Files</Filter>
    </ClInclude>
    <ClInclude Include="COrthoTile.h">
      <Filter>Header Files</Filter>
    </ClInclude>
    <ClInclude Include="CPacket.h">
      <Filter>Header Files</Filter>
    </ClInclude>
    <ClInclude Include="CPlayer.h">
      <Filter>Header Files</Filter>
    </ClInclude>
    <ClInclude Include="CPointLight.h">
      <Filter>Header Files</Filter>
    </ClInclude>
    <ClInclude Include="CServer.h">
      <Filter>Header Files</Filter>
    </ClInclude>
    <ClInclude Include="CSound.h">
      <Filter>Header Files</Filter>
    </ClInclude>
    <ClInclude Include="CSound3D.h">
      <Filter>Header Files</Filter>
    </ClInclude>
    <ClInclude Include="CSoundDevice.h">
      <Filter>Header Files</Filter>
    </ClInclude>
    <ClInclude Include="CSoundManager.h">
      <Filter>Header Files</Filter>
    </ClInclude>
    <ClInclude Include="CSprite.h">
      <Filter>Header Files</Filter>
    </ClInclude>
    <ClInclude Include="CString.h">
      <Filter>Header Files</Filter>
    </ClInclude>
    <ClInclude Include="CTerrain.h">
      <Filter>Header Files</Filter>
    </ClInclude>
    <ClInclude Include="CTerrainClip.h">
      <Filter>Header Files</Filter>
    </ClInclude>
    <ClInclude Include="CTerrainTile.h">
      <Filter>Header Files</Filter>
    </ClInclude>
    <ClInclude Include="CTexture.h">
      <Filter>Header Files</Filter>
    </ClInclude>
    <ClInclude Include="CTextureManager.h">
      <Filter>Header Files</Filter>
    </ClInclude>
    <ClInclude Include="CTgaImage.h">
      <Filter>Header Files</Filter>
    </ClInclude>
    <ClInclude Include="CTimer.h">
      <Filter>Header Files</Filter>
    </ClInclude>
    <ClInclude Include="CVertex.h">
      <Filter>Header Files</Filter>
    </ClInclude>
    <ClInclude Include="CVertexBuffer.h">
      <Filter>Header Files</Filter>
    </ClInclude>
    <ClInclude Include="CVideoDevice.h">
      <Filter>Header Files</Filter>
    </ClInclude>
    <ClInclude Include="CWavFileHeader.h">
      <Filter>Header Files</Filter>
    </ClInclude>
    <ClInclude Include="CWavLoader.h">
      <Filter>Header Files</Filter>
    </ClInclude>
    <ClInclude Include="CWindow.h">
      <Filter>Header Files</Filter>
    </ClInclude>
    <ClInclude Include="CWinsockError.h">
      <Filter>Header Files</Filter>
    </ClInclude>
    <ClInclude Include="standard.h">
      <Filter>Header Files</Filter>
    </ClInclude>
    <ClInclude Include="CDXFontManager.h">
      <Filter>Header Files</Filter>
    </ClInclude>
    <ClInclude Include="CFontManager.h">
      <Filter>Header Files</Filter>
    </ClInclude>
  </ItemGroup>
  <ItemGroup>
    <ClCompile Include="dxEngine.cpp">
      <Filter>Source Files</Filter>
    </ClCompile>
    <ClCompile Include="CBillboard.cpp">
      <Filter>Source Files</Filter>
    </ClCompile>
    <ClCompile Include="CBmpImage.cpp">
      <Filter>Source Files</Filter>
    </ClCompile>
    <ClCompile Include="CBoundBox.cpp">
      <Filter>Source Files</Filter>
    </ClCompile>
    <ClCompile Include="CBrush.cpp">
      <Filter>Source Files</Filter>
    </ClCompile>
    <ClCompile Include="CBrushMap.cpp">
      <Filter>Source Files</Filter>
    </ClCompile>
    <ClCompile Include="CBrushSide.cpp">
      <Filter>Source Files</Filter>
    </ClCompile>
    <ClCompile Include="CButton.cpp">
      <Filter>Source Files</Filter>
    </ClCompile>
    <ClCompile Include="CCamera.cpp">
      <Filter>Source Files</Filter>
    </ClCompile>
    <ClCompile Include="CClient.cpp">
      <Filter>Source Files</Filter>
    </ClCompile>
    <ClCompile Include="CClientSocket.cpp">
      <Filter>Source Files</Filter>
    </ClCompile>
    <ClCompile Include="CCollision.cpp">
      <Filter>Source Files</Filter>
    </ClCompile>
    <ClCompile Include="CColor.cpp">
      <Filter>Source Files</Filter>
    </ClCompile>
    <ClCompile Include="CComError.cpp">
      <Filter>Source Files</Filter>
    </ClCompile>
    <ClCompile Include="CConfiguration.cpp">
      <Filter>Source Files</Filter>
    </ClCompile>
    <ClCompile Include="CConfigurationItem.cpp">
      <Filter>Source Files</Filter>
    </ClCompile>
    <ClCompile Include="CConsole.cpp">
      <Filter>Source Files</Filter>
    </ClCompile>
    <ClCompile Include="CDeviceInstance.cpp">
      <Filter>Source Files</Filter>
    </ClCompile>
    <ClCompile Include="CDisplayMode.cpp">
      <Filter>Source Files</Filter>
    </ClCompile>
    <ClCompile Include="CDXFont.cpp">
      <Filter>Source Files</Filter>
    </ClCompile>
    <ClCompile Include="CEffect.cpp">
      <Filter>Source Files</Filter>
    </ClCompile>
    <ClCompile Include="CEffectManager.cpp">
      <Filter>Source Files</Filter>
    </ClCompile>
    <ClCompile Include="CErrorLog.cpp">
      <Filter>Source Files</Filter>
    </ClCompile>
    <ClCompile Include="CEventManager.cpp">
      <Filter>Source Files</Filter>
    </ClCompile>
    <ClCompile Include="CFont.cpp">
      <Filter>Source Files</Filter>
    </ClCompile>
    <ClCompile Include="CFrametime.cpp">
      <Filter>Source Files</Filter>
    </ClCompile>
    <ClCompile Include="CGameState.cpp">
      <Filter>Source Files</Filter>
    </ClCompile>
    <ClCompile Include="CGlobalObjects.cpp">
      <Filter>Source Files</Filter>
    </ClCompile>
    <ClCompile Include="CHeapAllocator.cpp">
      <Filter>Source Files</Filter>
    </ClCompile>
    <ClCompile Include="CHeapArray.cpp">
      <Filter>Source Files</Filter>
    </ClCompile>
    <ClCompile Include="CHudImage.cpp">
      <Filter>Source Files</Filter>
    </ClCompile>
    <ClCompile Include="CIndexBuffer.cpp">
      <Filter>Source Files</Filter>
    </ClCompile>
    <ClCompile Include="CInputDevice.cpp">
      <Filter>Source Files</Filter>
    </ClCompile>
    <ClCompile Include="CKeyboardDevice.cpp">
      <Filter>Source Files</Filter>
    </ClCompile>
    <ClCompile Include="CKeyMap.cpp">
      <Filter>Source Files</Filter>
    </ClCompile>
    <ClCompile Include="CLight.cpp">
      <Filter>Source Files</Filter>
    </ClCompile>
    <ClCompile Include="CLine.cpp">
      <Filter>Source Files</Filter>
    </ClCompile>
    <ClCompile Include="CLinkList.cpp">
      <Filter>Source Files</Filter>
    </ClCompile>
    <ClCompile Include="CLinkListNode.cpp">
      <Filter>Source Files</Filter>
    </ClCompile>
    <ClCompile Include="CMidi.cpp">
      <Filter>Source Files</Filter>
    </ClCompile>
    <ClCompile Include="CMouseDevice.cpp">
      <Filter>Source Files</Filter>
    </ClCompile>
    <ClCompile Include="CNamePlate.cpp">
      <Filter>Source Files</Filter>
    </ClCompile>
    <ClCompile Include="COrthoKey.cpp">
      <Filter>Source Files</Filter>
    </ClCompile>
    <ClCompile Include="COrthoLevel.cpp">
      <Filter>Source Files</Filter>
    </ClCompile>
    <ClCompile Include="COrthoLock.cpp">
      <Filter>Source Files</Filter>
    </ClCompile>
    <ClCompile Include="COrthoPlayer.cpp">
      <Filter>Source Files</Filter>
    </ClCompile>
    <ClCompile Include="COrthoTile.cpp">
      <Filter>Source Files</Filter>
    </ClCompile>
    <ClCompile Include="CPacket.cpp">
      <Filter>Source Files</Filter>
    </ClCompile>
    <ClCompile Include="CPlayer.cpp">
      <Filter>Source Files</Filter>
    </ClCompile>
    <ClCompile Include="CPointLight.cpp">
      <Filter>Source Files</Filter>
    </ClCompile>
    <ClCompile Include="CServer.cpp">
      <Filter>Source Files</Filter>
    </ClCompile>
    <ClCompile Include="CSound.cpp">
      <Filter>Source Files</Filter>
    </ClCompile>
    <ClCompile Include="CSound3D.cpp">
      <Filter>Source Files</Filter>
    </ClCompile>
    <ClCompile Include="CSoundDevice.cpp">
      <Filter>Source Files</Filter>
    </ClCompile>
    <ClCompile Include="CSoundManager.cpp">
      <Filter>Source Files</Filter>
    </ClCompile>
    <ClCompile Include="CSprite.cpp">
      <Filter>Source Files</Filter>
    </ClCompile>
    <ClCompile Include="CString.cpp">
      <Filter>Source Files</Filter>
    </ClCompile>
    <ClCompile Include="CTerrain.cpp">
      <Filter>Source Files</Filter>
    </ClCompile>
    <ClCompile Include="CTerrainClip.cpp">
      <Filter>Source Files</Filter>
    </ClCompile>
    <ClCompile Include="CTerrainTile.cpp">
      <Filter>Source Files</Filter>
    </ClCompile>
    <ClCompile Include="CTexture.cpp">
      <Filter>Source Files</Filter>
    </ClCompile>
    <ClCompile Include="CTextureManager.cpp">
      <Filter>Source Files</Filter>
    </ClCompile>
    <ClCompile Include="CTgaImage.cpp">
      <Filter>Source Files</Filter>
    </ClCompile>
    <ClCompile Include="CTimer.cpp">
      <Filter>Source Files</Filter>
    </ClCompile>
    <ClCompile Include="CVertex.cpp">
      <Filter>Source Files</Filter>
    </ClCompile>
    <ClCompile Include="CVertexBuffer.cpp">
      <Filter>Source Files</Filter>
    </ClCompile>
    <ClCompile Include="CVideoDevice.cpp">
      <Filter>Source Files</Filter>
    </ClCompile>
    <ClCompile Include="CWavFileHeader.cpp">
      <Filter>Source Files</Filter>
    </ClCompile>
    <ClCompile Include="CWavLoader.cpp">
      <Filter>Source Files</Filter>
    </ClCompile>
    <ClCompile Include="CWindow.cpp">
      <Filter>Source Files</Filter>
    </ClCompile>
    <ClCompile Include="CWinsockError.cpp">
      <Filter>Source Files</Filter>
    </ClCompile>
    <ClCompile Include="GeneralFunctions.cpp">
      <Filter>Source Files</Filter>
    </ClCompile>
    <ClCompile Include="CDXFontManager.cpp">
      <Filter>Source Files</Filter>
    </ClCompile>
    <ClCompile Include="CFontManager.cpp">
      <Filter>Source Files</Filter>
    </ClCompile>
  </ItemGroup>
  <ItemGroup>
    <ResourceCompile Include="dxEngine.rc">
      <Filter>Resource Files</Filter>
    </ResourceCompile>
  </ItemGroup>
  <ItemGroup>
    <Image Include="small.ico">
      <Filter>Resource Files</Filter>
    </Image>
    <Image Include="dxEngine.ico">
      <Filter>Resource Files</Filter>
    </Image>
  </ItemGroup>
  <ItemGroup>
    <FxCompile Include="blend.fx">
      <Filter>Effects</Filter>
    </FxCompile>
    <FxCompile Include="brush.fx">
      <Filter>Effects</Filter>
    </FxCompile>
    <FxCompile Include="line.fx">
      <Filter>Effects</Filter>
    </FxCompile>
    <FxCompile Include="normalMap.fx">
      <Filter>Effects</Filter>
    </FxCompile>
    <FxCompile Include="terrain.fx">
      <Filter>Effects</Filter>
    </FxCompile>
    <FxCompile Include="texture.fx">
      <Filter>Effects</Filter>
    </FxCompile>
    <FxCompile Include="text.fx">
      <Filter>Effects</Filter>
    </FxCompile>
  </ItemGroup>
  <ItemGroup>
    <None Include="colors.hlsli">
      <Filter>Effects</Filter>
    </None>
    <None Include="fog.hlsli">
      <Filter>Effects</Filter>
    </None>
    <None Include="pixel.hlsli">
      <Filter>Effects</Filter>
    </None>
    <None Include="pointLight.hlsli">
      <Filter>Effects</Filter>
    </None>
    <None Include="textures.hlsli">
      <Filter>Effects</Filter>
    </None>
    <None Include="vertex.hlsli">
      <Filter>Effects</Filter>
    </None>
    <None Include="vertex2.hlsli">
      <Filter>Effects</Filter>
    </None>
  </ItemGroup>
  <ItemGroup>
    <Text Include="config.txt">
      <Filter>Config</Filter>
    </Text>
    <Text Include="errorLog.txt">
      <Filter>Config</Filter>
    </Text>
    <Text Include="map.txt">
      <Filter>Config</Filter>
    </Text>
  </ItemGroup>
</Project>